
Microsoft Visual Studio Solution File, Format Version 12.00
# Visual Studio Version 16
VisualStudioVersion = 16.0.31205.134
MinimumVisualStudioVersion = 10.0.40219.1
Project("{FAE04EC0-301F-11D3-BF4B-00C04F79EFBC}") = "devops-learning-CICD", "devops-learning-CICD\devops-learning-CICD.csproj", "{8BA4272B-7716-4758-8721-B5AE3B572911}"
EndProject
Project("{FAE04EC0-301F-11D3-BF4B-00C04F79EFBC}") = "unittest", "unittest\unittest.csproj", "{251A60BB-0C34-423D-891A-D45729526DAF}"
EndProject
Global
	GlobalSection(SolutionConfigurationPlatforms) = preSolution
		Debug|Any CPU = Debug|Any CPU
		Release|Any CPU = Release|Any CPU
	EndGlobalSection
	GlobalSection(ProjectConfigurationPlatforms) = postSolution
		{8BA4272B-7716-4758-8721-B5AE3B572911}.Debug|Any CPU.ActiveCfg = Debug|Any CPU
		{8BA4272B-7716-4758-8721-B5AE3B572911}.Debug|Any CPU.Build.0 = Debug|Any CPU
		{8BA4272B-7716-4758-8721-B5AE3B572911}.Release|Any CPU.ActiveCfg = Release|Any CPU
		{8BA4272B-7716-4758-8721-B5AE3B572911}.Release|Any CPU.Build.0 = Release|Any CPU
		{251A60BB-0C34-423D-891A-D45729526DAF}.Debug|Any CPU.ActiveCfg = Debug|Any CPU
		{251A60BB-0C34-423D-891A-D45729526DAF}.Debug|Any CPU.Build.0 = Debug|Any CPU
		{251A60BB-0C34-423D-891A-D45729526DAF}.Release|Any CPU.ActiveCfg = Release|Any CPU
		{251A60BB-0C34-423D-891A-D45729526DAF}.Release|Any CPU.Build.0 = Release|Any CPU
	EndGlobalSection
	GlobalSection(SolutionProperties) = preSolution
		HideSolutionNode = FALSE
	EndGlobalSection
	GlobalSection(ExtensibilityGlobals) = postSolution
		SolutionGuid = {3217FB7E-127F-4B4A-B16C-81B755255A46}
	EndGlobalSection
EndGlobal
